
Microsoft Visual Studio Solution File, Format Version 12.00
# Visual Studio Version 17
VisualStudioVersion = 17.4.33205.214
MinimumVisualStudioVersion = 10.0.40219.1
Project("{9A19103F-16F7-4668-BE54-9A1E7A4F7556}") = "RiceManagement", "RiceManagement\RiceManagement.csproj", "{8987D102-8288-4F03-B263-57186633D52C}"
EndProject
Project("{9A19103F-16F7-4668-BE54-9A1E7A4F7556}") = "Client", "..\..\..\prn231\GroupProject_PRN231\RiceManagement\Client\Client.csproj", "{59329F71-F319-47BD-9CB5-2EBAC847ECAE}"
EndProject
Global
	GlobalSection(SolutionConfigurationPlatforms) = preSolution
		Debug|Any CPU = Debug|Any CPU
		Release|Any CPU = Release|Any CPU
	EndGlobalSection
	GlobalSection(ProjectConfigurationPlatforms) = postSolution
		{8987D102-8288-4F03-B263-57186633D52C}.Debug|Any CPU.ActiveCfg = Debug|Any CPU
		{8987D102-8288-4F03-B263-57186633D52C}.Debug|Any CPU.Build.0 = Debug|Any CPU
		{8987D102-8288-4F03-B263-57186633D52C}.Release|Any CPU.ActiveCfg = Release|Any CPU
		{8987D102-8288-4F03-B263-57186633D52C}.Release|Any CPU.Build.0 = Release|Any CPU
		{59329F71-F319-47BD-9CB5-2EBAC847ECAE}.Debug|Any CPU.ActiveCfg = Debug|Any CPU
		{59329F71-F319-47BD-9CB5-2EBAC847ECAE}.Debug|Any CPU.Build.0 = Debug|Any CPU
		{59329F71-F319-47BD-9CB5-2EBAC847ECAE}.Release|Any CPU.ActiveCfg = Release|Any CPU
		{59329F71-F319-47BD-9CB5-2EBAC847ECAE}.Release|Any CPU.Build.0 = Release|Any CPU
	EndGlobalSection
	GlobalSection(SolutionProperties) = preSolution
		HideSolutionNode = FALSE
	EndGlobalSection
	GlobalSection(ExtensibilityGlobals) = postSolution
		SolutionGuid = {E7C01D92-4185-48A3-A1BE-BEA28B786104}
	EndGlobalSection
EndGlobal
